
Microsoft Visual Studio Solution File, Format Version 12.00
# 
Project("{FAE04EC0-301F-11D3-BF4B-00C04F79EFBC}") = "GrpcGreeter", "GrpcGreeter\GrpcGreeter.csproj", "{A0FFF4DE-B09A-4E1B-B899-87D7EB93E2CF}"
EndProject
Project("{FAE04EC0-301F-11D3-BF4B-00C04F79EFBC}") = "GrpcGreeterClient", "GrpcGreeterClient\GrpcGreeterClient.csproj", "{2F6B9A54-7EDE-4821-B9B3-7F73FFA34821}"
EndProject
Global
	GlobalSection(SolutionConfigurationPlatforms) = preSolution
		Debug|Any CPU = Debug|Any CPU
		Release|Any CPU = Release|Any CPU
	EndGlobalSection
	GlobalSection(ProjectConfigurationPlatforms) = postSolution
		{A0FFF4DE-B09A-4E1B-B899-87D7EB93E2CF}.Debug|Any CPU.ActiveCfg = Debug|Any CPU
		{A0FFF4DE-B09A-4E1B-B899-87D7EB93E2CF}.Debug|Any CPU.Build.0 = Debug|Any CPU
		{A0FFF4DE-B09A-4E1B-B899-87D7EB93E2CF}.Release|Any CPU.ActiveCfg = Release|Any CPU
		{A0FFF4DE-B09A-4E1B-B899-87D7EB93E2CF}.Release|Any CPU.Build.0 = Release|Any CPU
		{2F6B9A54-7EDE-4821-B9B3-7F73FFA34821}.Debug|Any CPU.ActiveCfg = Debug|Any CPU
		{2F6B9A54-7EDE-4821-B9B3-7F73FFA34821}.Debug|Any CPU.Build.0 = Debug|Any CPU
		{2F6B9A54-7EDE-4821-B9B3-7F73FFA34821}.Release|Any CPU.ActiveCfg = Release|Any CPU
		{2F6B9A54-7EDE-4821-B9B3-7F73FFA34821}.Release|Any CPU.Build.0 = Release|Any CPU
	EndGlobalSection
EndGlobal
